{
  "name": "aula_pacotes2",
  "version": "1.0.0",
  "lockfileVersion": 2,
  "requires": true,
  "packages": {
    "": {
      "name": "aula_pacotes2",
      "version": "1.0.0",
      "license": "ISC",
      "dependencies": {
        "matematica": "file:../Aula_Pacotes"
      }
    },
    "../Aula_Pacotes": {
      "version": "1.0.0",
      "license": "ISC"
    },
    "node_modules/matematica": {
      "resolved": "../Aula_Pacotes",
      "link": true
    }
  },
  "dependencies": {
    "matematica": {
      "version": "file:../Aula_Pacotes"
    }
  }
}
